
Microsoft Visual Studio Solution File, Format Version 12.00
# Visual Studio Version 17
VisualStudioVersion = 17.6.33723.286
MinimumVisualStudioVersion = 10.0.40219.1
Project("{FAE04EC0-301F-11D3-BF4B-00C04F79EFBC}") = "Mini-Project", "Mini-Project\Mini-Project.csproj", "{535D814F-A7ED-410C-8FE8-7B68E714031B}"
EndProject
Global
	GlobalSection(SolutionConfigurationPlatforms) = preSolution
		Debug|Any CPU = Debug|Any CPU
		Release|Any CPU = Release|Any CPU
	EndGlobalSection
	GlobalSection(ProjectConfigurationPlatforms) = postSolution
		{535D814F-A7ED-410C-8FE8-7B68E714031B}.Debug|Any CPU.ActiveCfg = Debug|Any CPU
		{535D814F-A7ED-410C-8FE8-7B68E714031B}.Debug|Any CPU.Build.0 = Debug|Any CPU
		{535D814F-A7ED-410C-8FE8-7B68E714031B}.Release|Any CPU.ActiveCfg = Release|Any CPU
		{535D814F-A7ED-410C-8FE8-7B68E714031B}.Release|Any CPU.Build.0 = Release|Any CPU
	EndGlobalSection
	GlobalSection(SolutionProperties) = preSolution
		HideSolutionNode = FALSE
	EndGlobalSection
	GlobalSection(ExtensibilityGlobals) = postSolution
		SolutionGuid = {E4484581-B26D-47CA-B348-F236540BF69F}
	EndGlobalSection
EndGlobal
